# This file is automatically @generated by Cargo.
# It is not intended for manual editing.
version = 3

[[package]]
name = "advanced_features"
version = "0.1.0"

[[package]]
name = "async"
version = "0.1.0"

[[package]]
name = "closure"
version = "0.1.0"

[[package]]
name = "collections"
version = "0.1.0"

[[package]]
name = "error"
version = "0.1.0"

[[package]]
name = "functions"
version = "0.1.0"

[[package]]
name = "generics"
version = "0.1.0"

[[package]]
name = "lifetimes"
version = "0.1.0"

[[package]]
name = "oop"
version = "0.1.0"

[[package]]
name = "ownership"
version = "0.1.0"

[[package]]
name = "patterns_matching"
version = "0.1.0"

[[package]]
name = "pointer"
version = "0.1.0"

[[package]]
name = "rust_concepts"
version = "0.1.0"
dependencies = [
 "advanced_features",
 "async",
 "closure",
 "error",
 "functions",
 "generics",
 "lifetimes",
 "oop",
 "ownership",
 "patterns_matching",
 "pointer",
 "smart_pointers",
 "stored_in_heap_data",
 "stored_in_stack_data",
 "testing",
 "thread",
 "traits",
]

[[package]]
name = "smart_pointers"
version = "0.1.0"

[[package]]
name = "stored_in_heap_data"
version = "0.1.0"
dependencies = [
 "collections",
]

[[package]]
name = "stored_in_stack_data"
version = "0.1.0"

[[package]]
name = "testing"
version = "0.1.0"

[[package]]
name = "thread"
version = "0.1.0"

[[package]]
name = "traits"
version = "0.1.0"
