# This file is automatically @generated by Cargo.
# It is not intended for manual editing.
[[package]]
name = "collections"
version = "0.1.0"

[[package]]
name = "functions"
version = "0.1.0"

[[package]]
name = "ownership"
version = "0.1.0"

[[package]]
name = "rust-concepts"
version = "0.1.0"
dependencies = [
 "functions",
 "ownership",
 "stored_in_heap_data",
 "stored_in_stack_data",
]

[[package]]
name = "stored_in_heap_data"
version = "0.1.0"
dependencies = [
 "collections",
]

[[package]]
name = "stored_in_stack_data"
version = "0.1.0"
